
Microsoft Visual Studio Solution File, Format Version 12.00
# Visual Studio 15
VisualStudioVersion = 15.0.27428.2037
MinimumVisualStudioVersion = 10.0.40219.1
Project("{FAE04EC0-301F-11D3-BF4B-00C04F79EFBC}") = "SeleniumScraper", "SeleniumScraper\SeleniumScraper.csproj", "{50494A5A-947B-4A3B-AA57-C92BA329863F}"
EndProject
Global
	GlobalSection(SolutionConfigurationPlatforms) = preSolution
		Debug|Any CPU = Debug|Any CPU
		Release|Any CPU = Release|Any CPU
	EndGlobalSection
	GlobalSection(ProjectConfigurationPlatforms) = postSolution
		{50494A5A-947B-4A3B-AA57-C92BA329863F}.Debug|Any CPU.ActiveCfg = Debug|Any CPU
		{50494A5A-947B-4A3B-AA57-C92BA329863F}.Debug|Any CPU.Build.0 = Debug|Any CPU
		{50494A5A-947B-4A3B-AA57-C92BA329863F}.Release|Any CPU.ActiveCfg = Release|Any CPU
		{50494A5A-947B-4A3B-AA57-C92BA329863F}.Release|Any CPU.Build.0 = Release|Any CPU
	EndGlobalSection
	GlobalSection(SolutionProperties) = preSolution
		HideSolutionNode = FALSE
	EndGlobalSection
	GlobalSection(ExtensibilityGlobals) = postSolution
		SolutionGuid = {966AD942-701E-410C-992D-9E4F71D76AEE}
	EndGlobalSection
EndGlobal
